
Microsoft Visual Studio Solution File, Format Version 12.00
# Visual Studio Version 17
VisualStudioVersion = 17.14.36811.4
MinimumVisualStudioVersion = 10.0.40219.1
Project("{FAE04EC0-301F-11D3-BF4B-00C04F79EFBC}") = "Latihan-Crud", "Latihan-Crud\Latihan-Crud.csproj", "{7AF5CF98-B37A-4F8C-AC1E-58E8E28771EC}"
EndProject
Global
	GlobalSection(SolutionConfigurationPlatforms) = preSolution
		Debug|Any CPU = Debug|Any CPU
		Release|Any CPU = Release|Any CPU
	EndGlobalSection
	GlobalSection(ProjectConfigurationPlatforms) = postSolution
		{7AF5CF98-B37A-4F8C-AC1E-58E8E28771EC}.Debug|Any CPU.ActiveCfg = Debug|Any CPU
		{7AF5CF98-B37A-4F8C-AC1E-58E8E28771EC}.Debug|Any CPU.Build.0 = Debug|Any CPU
		{7AF5CF98-B37A-4F8C-AC1E-58E8E28771EC}.Release|Any CPU.ActiveCfg = Release|Any CPU
		{7AF5CF98-B37A-4F8C-AC1E-58E8E28771EC}.Release|Any CPU.Build.0 = Release|Any CPU
	EndGlobalSection
	GlobalSection(SolutionProperties) = preSolution
		HideSolutionNode = FALSE
	EndGlobalSection
	GlobalSection(ExtensibilityGlobals) = postSolution
		SolutionGuid = {5F4AD960-55DA-449F-A6B1-528727805966}
	EndGlobalSection
EndGlobal
